
Microsoft Visual Studio Solution File, Format Version 12.00
# Visual Studio Version 17
VisualStudioVersion = 17.4.33110.190
MinimumVisualStudioVersion = 10.0.40219.1
Project("{FAE04EC0-301F-11D3-BF4B-00C04F79EFBC}") = "BlazorDataGrid", "BlazorDataGrid.csproj", "{9849DF68-80CC-4241-9759-EC47583A9C89}"
EndProject
Global
	GlobalSection(SolutionConfigurationPlatforms) = preSolution
		Debug|Any CPU = Debug|Any CPU
		Release|Any CPU = Release|Any CPU
	EndGlobalSection
	GlobalSection(ProjectConfigurationPlatforms) = postSolution
		{9849DF68-80CC-4241-9759-EC47583A9C89}.Debug|Any CPU.ActiveCfg = Debug|Any CPU
		{9849DF68-80CC-4241-9759-EC47583A9C89}.Debug|Any CPU.Build.0 = Debug|Any CPU
		{9849DF68-80CC-4241-9759-EC47583A9C89}.Release|Any CPU.ActiveCfg = Release|Any CPU
		{9849DF68-80CC-4241-9759-EC47583A9C89}.Release|Any CPU.Build.0 = Release|Any CPU
	EndGlobalSection
	GlobalSection(SolutionProperties) = preSolution
		HideSolutionNode = FALSE
	EndGlobalSection
	GlobalSection(ExtensibilityGlobals) = postSolution
		SolutionGuid = {92B12340-AC34-49C7-AE6B-C127ED2B4536}
	EndGlobalSection
EndGlobal
